schema: '2.0'
stages:
  train:
    cmd: python train.py
    deps:
    - path: data.csv
      hash: md5
      md5: 2309cc5f04782ed9bb6016d9f4e381cf
      size: 61194
    - path: metrics_and_plots.py
      hash: md5
      md5: 46e8413f189699bf1e66b01e0a9ffa8a
      size: 392
    - path: model.py
      hash: md5
      md5: 1c9b62844a172ae4fcb458b80298a917
      size: 913
    - path: train.py
      hash: md5
      md5: 808d2b9088fb137e43e85dede24b613b
      size: 611
    outs:
    - path: metrics.json
      hash: md5
      md5: 1f9665906981fb18f6305c69e61ba9b9
      size: 79
